
Microsoft Visual Studio Solution File, Format Version 12.00
# Visual Studio 15
VisualStudioVersion = 15.0.27428.2015
MinimumVisualStudioVersion = 10.0.40219.1
Project("{FAE04EC0-301F-11D3-BF4B-00C04F79EFBC}") = "TestServer", "TestServer\TestServer.csproj", "{D2145C4F-D51B-4A3A-B81C-C17656C6C8AE}"
EndProject
Project("{2150E333-8FDC-42A3-9474-1A3956D46DE8}") = "Solution Items", "Solution Items", "{ABDD215B-A022-446C-BA73-A51EB1D12253}"
	ProjectSection(SolutionItems) = preProject
		README.md = README.md
		root.cacert.pem = root.cacert.pem
		root.conf = root.conf
		root.privkey.pem = root.privkey.pem
		root.server.conf = root.server.conf
		Server.conf = Server.conf
		servercert.csr = servercert.csr
		servercert.pem = servercert.pem
		servercert.pfx = servercert.pfx
		serverkey.pem = serverkey.pem
		TestCA.pfx = TestCA.pfx
	EndProjectSection
EndProject
Project("{FAE04EC0-301F-11D3-BF4B-00C04F79EFBC}") = "QueryWithCertificate", "QueryWithCertificate\QueryWithCertificate.csproj", "{8444FF4D-ADEC-4897-A66F-40D6353CB59C}"
EndProject
Project("{8BC9CEB8-8B4A-11D0-8D11-00A0C91BC942}") = "QueryWithCertificateCpp", "QueryWithCertificateCpp\QueryWithCertificateCpp.vcxproj", "{00850B70-6BB5-4DB3-9915-1AE9D79E9E2F}"
EndProject
Global
	GlobalSection(SolutionConfigurationPlatforms) = preSolution
		Debug|Any CPU = Debug|Any CPU
		Debug|x64 = Debug|x64
		Debug|x86 = Debug|x86
		Release|Any CPU = Release|Any CPU
		Release|x64 = Release|x64
		Release|x86 = Release|x86
	EndGlobalSection
	GlobalSection(ProjectConfigurationPlatforms) = postSolution
		{D2145C4F-D51B-4A3A-B81C-C17656C6C8AE}.Debug|Any CPU.ActiveCfg = Debug|Any CPU
		{D2145C4F-D51B-4A3A-B81C-C17656C6C8AE}.Debug|Any CPU.Build.0 = Debug|Any CPU
		{D2145C4F-D51B-4A3A-B81C-C17656C6C8AE}.Debug|x64.ActiveCfg = Debug|Any CPU
		{D2145C4F-D51B-4A3A-B81C-C17656C6C8AE}.Debug|x64.Build.0 = Debug|Any CPU
		{D2145C4F-D51B-4A3A-B81C-C17656C6C8AE}.Debug|x86.ActiveCfg = Debug|Any CPU
		{D2145C4F-D51B-4A3A-B81C-C17656C6C8AE}.Debug|x86.Build.0 = Debug|Any CPU
		{D2145C4F-D51B-4A3A-B81C-C17656C6C8AE}.Release|Any CPU.ActiveCfg = Release|Any CPU
		{D2145C4F-D51B-4A3A-B81C-C17656C6C8AE}.Release|Any CPU.Build.0 = Release|Any CPU
		{D2145C4F-D51B-4A3A-B81C-C17656C6C8AE}.Release|x64.ActiveCfg = Release|Any CPU
		{D2145C4F-D51B-4A3A-B81C-C17656C6C8AE}.Release|x64.Build.0 = Release|Any CPU
		{D2145C4F-D51B-4A3A-B81C-C17656C6C8AE}.Release|x86.ActiveCfg = Release|Any CPU
		{D2145C4F-D51B-4A3A-B81C-C17656C6C8AE}.Release|x86.Build.0 = Release|Any CPU
		{8444FF4D-ADEC-4897-A66F-40D6353CB59C}.Debug|Any CPU.ActiveCfg = Debug|Any CPU
		{8444FF4D-ADEC-4897-A66F-40D6353CB59C}.Debug|Any CPU.Build.0 = Debug|Any CPU
		{8444FF4D-ADEC-4897-A66F-40D6353CB59C}.Debug|x64.ActiveCfg = Debug|Any CPU
		{8444FF4D-ADEC-4897-A66F-40D6353CB59C}.Debug|x64.Build.0 = Debug|Any CPU
		{8444FF4D-ADEC-4897-A66F-40D6353CB59C}.Debug|x86.ActiveCfg = Debug|Any CPU
		{8444FF4D-ADEC-4897-A66F-40D6353CB59C}.Debug|x86.Build.0 = Debug|Any CPU
		{8444FF4D-ADEC-4897-A66F-40D6353CB59C}.Release|Any CPU.ActiveCfg = Release|Any CPU
		{8444FF4D-ADEC-4897-A66F-40D6353CB59C}.Release|Any CPU.Build.0 = Release|Any CPU
		{8444FF4D-ADEC-4897-A66F-40D6353CB59C}.Release|x64.ActiveCfg = Release|Any CPU
		{8444FF4D-ADEC-4897-A66F-40D6353CB59C}.Release|x64.Build.0 = Release|Any CPU
		{8444FF4D-ADEC-4897-A66F-40D6353CB59C}.Release|x86.ActiveCfg = Release|Any CPU
		{8444FF4D-ADEC-4897-A66F-40D6353CB59C}.Release|x86.Build.0 = Release|Any CPU
		{00850B70-6BB5-4DB3-9915-1AE9D79E9E2F}.Debug|Any CPU.ActiveCfg = Debug|Win32
		{00850B70-6BB5-4DB3-9915-1AE9D79E9E2F}.Debug|x64.ActiveCfg = Debug|x64
		{00850B70-6BB5-4DB3-9915-1AE9D79E9E2F}.Debug|x64.Build.0 = Debug|x64
		{00850B70-6BB5-4DB3-9915-1AE9D79E9E2F}.Debug|x86.ActiveCfg = Debug|Win32
		{00850B70-6BB5-4DB3-9915-1AE9D79E9E2F}.Debug|x86.Build.0 = Debug|Win32
		{00850B70-6BB5-4DB3-9915-1AE9D79E9E2F}.Release|Any CPU.ActiveCfg = Release|Win32
		{00850B70-6BB5-4DB3-9915-1AE9D79E9E2F}.Release|x64.ActiveCfg = Release|x64
		{00850B70-6BB5-4DB3-9915-1AE9D79E9E2F}.Release|x64.Build.0 = Release|x64
		{00850B70-6BB5-4DB3-9915-1AE9D79E9E2F}.Release|x86.ActiveCfg = Release|Win32
		{00850B70-6BB5-4DB3-9915-1AE9D79E9E2F}.Release|x86.Build.0 = Release|Win32
	EndGlobalSection
	GlobalSection(SolutionProperties) = preSolution
		HideSolutionNode = FALSE
	EndGlobalSection
	GlobalSection(ExtensibilityGlobals) = postSolution
		SolutionGuid = {575F2D14-4806-43D9-B872-6D0744067758}
	EndGlobalSection
EndGlobal
